
Microsoft Visual Studio Solution File, Format Version 12.00
# Visual Studio Version 17
VisualStudioVersion = 17.1.32228.430
MinimumVisualStudioVersion = 10.0.40219.1
Project("{8BC9CEB8-8B4A-11D0-8D11-00A0C91BC942}") = "Session_2022-03-20", "Session_2022-03-20\Session_2022-03-20.vcxproj", "{ED65DB12-AED5-4DCA-80C2-958541A3144E}"
EndProject
Global
	GlobalSection(SolutionConfigurationPlatforms) = preSolution
		Debug|x64 = Debug|x64
		Debug|x86 = Debug|x86
		Release|x64 = Release|x64
		Release|x86 = Release|x86
	EndGlobalSection
	GlobalSection(ProjectConfigurationPlatforms) = postSolution
		{ED65DB12-AED5-4DCA-80C2-958541A3144E}.Debug|x64.ActiveCfg = Debug|x64
		{ED65DB12-AED5-4DCA-80C2-958541A3144E}.Debug|x64.Build.0 = Debug|x64
		{ED65DB12-AED5-4DCA-80C2-958541A3144E}.Debug|x86.ActiveCfg = Debug|Win32
		{ED65DB12-AED5-4DCA-80C2-958541A3144E}.Debug|x86.Build.0 = Debug|Win32
		{ED65DB12-AED5-4DCA-80C2-958541A3144E}.Release|x64.ActiveCfg = Release|x64
		{ED65DB12-AED5-4DCA-80C2-958541A3144E}.Release|x64.Build.0 = Release|x64
		{ED65DB12-AED5-4DCA-80C2-958541A3144E}.Release|x86.ActiveCfg = Release|Win32
		{ED65DB12-AED5-4DCA-80C2-958541A3144E}.Release|x86.Build.0 = Release|Win32
	EndGlobalSection
	GlobalSection(SolutionProperties) = preSolution
		HideSolutionNode = FALSE
	EndGlobalSection
	GlobalSection(ExtensibilityGlobals) = postSolution
		SolutionGuid = {9EF757D9-15FD-47CB-90D1-3F43FEB5BC97}
	EndGlobalSection
EndGlobal
